# This file is autogenerated, do not edit; changes may be undone by the next 'dep ensure'.


[[projects]]
  name = "github.com/BurntSushi/toml"
  packages = ["."]
  revision = "b26d9c308763d68093482582cea63d69be07a0f0"
  version = "v0.3.0"

[[projects]]
  name = "github.com/VojtechVitek/go-trello"
  packages = ["."]
  revision = "4a7db23ac973c12e59e3c781b359005995bb3838"
  version = "v0.1"

[solve-meta]
  analyzer-name = "dep"
  analyzer-version = 1
  inputs-digest = "65cbe0dce1a995c05797fe2f22226280e4360eb2be93728e05adaebb7eb71a9d"
  solver-name = "gps-cdcl"
  solver-version = 1
